// !$*UTF8*$!
{
	archiveVersion = 1;
	classes = {
	};
	objectVersion = 56;
	objects = {

/* Begin PBXBuildFile section */
		86D3107D2922AD320063165C /* PresidentsListV2App.swift in Sources */ = {isa = PBXBuildFile; fileRef = 86D3107C2922AD320063165C /* PresidentsListV2App.swift */; };
		86D310812922AD330063165C /* Assets.xcassets in Resources */ = {isa = PBXBuildFile; fileRef = 86D310802922AD330063165C /* Assets.xcassets */; };
		86D310842922AD330063165C /* Preview Assets.xcassets in Resources */ = {isa = PBXBuildFile; fileRef = 86D310832922AD330063165C /* Preview Assets.xcassets */; };
		86E5318C2922B020000803D0 /* PresidentDetailView.swift in Sources */ = {isa = PBXBuildFile; fileRef = 86E531892922B020000803D0 /* PresidentDetailView.swift */; };
		86E5318D2922B020000803D0 /* ContentView.swift in Sources */ = {isa = PBXBuildFile; fileRef = 86E5318A2922B020000803D0 /* ContentView.swift */; };
		86E5318E2922B020000803D0 /* PresidentCell.swift in Sources */ = {isa = PBXBuildFile; fileRef = 86E5318B2922B020000803D0 /* PresidentCell.swift */; };
		86E531962922B105000803D0 /* PresidentsViewModel.swift in Sources */ = {isa = PBXBuildFile; fileRef = 86E531942922B105000803D0 /* PresidentsViewModel.swift */; };
		86E531972922B105000803D0 /* PresidentsListModelView.swift in Sources */ = {isa = PBXBuildFile; fileRef = 86E531952922B105000803D0 /* PresidentsListModelView.swift */; };
		86E5319A2922B11B000803D0 /* USPresident.swift in Sources */ = {isa = PBXBuildFile; fileRef = 86E531992922B11B000803D0 /* USPresident.swift */; };
		86E5319C2922B419000803D0 /* presidents.plist in Resources */ = {isa = PBXBuildFile; fileRef = 86E5319B2922B419000803D0 /* presidents.plist */; };
/* End PBXBuildFile section */

/* Begin PBXFileReference section */
		86D310792922AD320063165C /* PresidentsListV2.app */ = {isa = PBXFileReference; explicitFileType = wrapper.application; includeInIndex = 0; path = PresidentsListV2.app; sourceTree = BUILT_PRODUCTS_DIR; };
		86D3107C2922AD320063165C /* PresidentsListV2App.swift */ = {isa = PBXFileReference; lastKnownFileType = sourcecode.swift; path = PresidentsListV2App.swift; sourceTree = "<group>"; };
		86D310802922AD330063165C /* Assets.xcassets */ = {isa = PBXFileReference; lastKnownFileType = folder.assetcatalog; path = Assets.xcassets; sourceTree = "<group>"; };
		86D310832922AD330063165C /* Preview Assets.xcassets */ = {isa = PBXFileReference; lastKnownFileType = folder.assetcatalog; path = "Preview Assets.xcassets"; sourceTree = "<group>"; };
		86E531892922B020000803D0 /* PresidentDetailView.swift */ = {isa = PBXFileReference; fileEncoding = 4; lastKnownFileType = sourcecode.swift; path = PresidentDetailView.swift; sourceTree = "<group>"; };
		86E5318A2922B020000803D0 /* ContentView.swift */ = {isa = PBXFileReference; fileEncoding = 4; lastKnownFileType = sourcecode.swift; path = ContentView.swift; sourceTree = "<group>"; };
		86E5318B2922B020000803D0 /* PresidentCell.swift */ = {isa = PBXFileReference; fileEncoding = 4; lastKnownFileType = sourcecode.swift; path = PresidentCell.swift; sourceTree = "<group>"; };
		86E531942922B105000803D0 /* PresidentsViewModel.swift */ = {isa = PBXFileReference; fileEncoding = 4; lastKnownFileType = sourcecode.swift; path = PresidentsViewModel.swift; sourceTree = "<group>"; };
		86E531952922B105000803D0 /* PresidentsListModelView.swift */ = {isa = PBXFileReference; fileEncoding = 4; lastKnownFileType = sourcecode.swift; path = PresidentsListModelView.swift; sourceTree = "<group>"; };
		86E531992922B11B000803D0 /* USPresident.swift */ = {isa = PBXFileReference; fileEncoding = 4; lastKnownFileType = sourcecode.swift; path = USPresident.swift; sourceTree = "<group>"; };
		86E5319B2922B419000803D0 /* presidents.plist */ = {isa = PBXFileReference; fileEncoding = 4; lastKnownFileType = text.plist.xml; path = presidents.plist; sourceTree = "<group>"; };
/* End PBXFileReference section */

/* Begin PBXFrameworksBuildPhase section */
		86D310762922AD320063165C /* Frameworks */ = {
			isa = PBXFrameworksBuildPhase;
			buildActionMask = 2147483647;
			files = (
			);
			runOnlyForDeploymentPostprocessing = 0;
		};
/* End PBXFrameworksBuildPhase section */

/* Begin PBXGroup section */
		86D310702922AD320063165C = {
			isa = PBXGroup;
			children = (
				86D3107B2922AD320063165C /* PresidentsListV2 */,
				86D3107A2922AD320063165C /* Products */,
			);
			sourceTree = "<group>";
		};
		86D3107A2922AD320063165C /* Products */ = {
			isa = PBXGroup;
			children = (
				86D310792922AD320063165C /* PresidentsListV2.app */,
			);
			name = Products;
			sourceTree = "<group>";
		};
		86D3107B2922AD320063165C /* PresidentsListV2 */ = {
			isa = PBXGroup;
			children = (
				86E531982922B10C000803D0 /* Models */,
				86E531932922B0EA000803D0 /* View Models */,
				86E531882922B002000803D0 /* Views */,
				86D3107C2922AD320063165C /* PresidentsListV2App.swift */,
				86E5319B2922B419000803D0 /* presidents.plist */,
				86D310802922AD330063165C /* Assets.xcassets */,
				86D310822922AD330063165C /* Preview Content */,
			);
			path = PresidentsListV2;
			sourceTree = "<group>";
		};
		86D310822922AD330063165C /* Preview Content */ = {
			isa = PBXGroup;
			children = (
				86D310832922AD330063165C /* Preview Assets.xcassets */,
			);
			path = "Preview Content";
			sourceTree = "<group>";
		};
		86E531882922B002000803D0 /* Views */ = {
			isa = PBXGroup;
			children = (
				86E5318A2922B020000803D0 /* ContentView.swift */,
				86E5318B2922B020000803D0 /* PresidentCell.swift */,
				86E531892922B020000803D0 /* PresidentDetailView.swift */,
			);
			path = Views;
			sourceTree = "<group>";
		};
		86E531932922B0EA000803D0 /* View Models */ = {
			isa = PBXGroup;
			children = (
				86E531952922B105000803D0 /* PresidentsListModelView.swift */,
				86E531942922B105000803D0 /* PresidentsViewModel.swift */,
			);
			path = "View Models";
			sourceTree = "<group>";
		};
		86E531982922B10C000803D0 /* Models */ = {
			isa = PBXGroup;
			children = (
				86E531992922B11B000803D0 /* USPresident.swift */,
			);
			path = Models;
			sourceTree = "<group>";
		};
/* End PBXGroup section */

/* Begin PBXNativeTarget section */
		86D310782922AD320063165C /* PresidentsListV2 */ = {
			isa = PBXNativeTarget;
			buildConfigurationList = 86D3108C2922AD330063165C /* Build configuration list for PBXNativeTarget "PresidentsListV2" */;
			buildPhases = (
				86D310752922AD320063165C /* Sources */,
				86D310762922AD320063165C /* Frameworks */,
				86D310772922AD320063165C /* Resources */,
			);
			buildRules = (
			);
			dependencies = (
			);
			name = PresidentsListV2;
			productName = PresidentsListV2;
			productReference = 86D310792922AD320063165C /* PresidentsListV2.app */;
			productType = "com.apple.product-type.application";
		};
/* End PBXNativeTarget section */

/* Begin PBXProject section */
		86D310712922AD320063165C /* Project object */ = {
			isa = PBXProject;
			attributes = {
				BuildIndependentTargetsInParallel = 1;
				LastSwiftUpdateCheck = 1400;
				LastUpgradeCheck = 1400;
				TargetAttributes = {
					86D310782922AD320063165C = {
						CreatedOnToolsVersion = 14.0.1;
					};
				};
			};
			buildConfigurationList = 86D310742922AD320063165C /* Build configuration list for PBXProject "PresidentsListV2" */;
			compatibilityVersion = "Xcode 14.0";
			developmentRegion = en;
			hasScannedForEncodings = 0;
			knownRegions = (
				en,
				Base,
			);
			mainGroup = 86D310702922AD320063165C;
			productRefGroup = 86D3107A2922AD320063165C /* Products */;
			projectDirPath = "";
			projectRoot = "";
			targets = (
				86D310782922AD320063165C /* PresidentsListV2 */,
			);
		};
/* End PBXProject section */

/* Begin PBXResourcesBuildPhase section */
		86D310772922AD320063165C /* Resources */ = {
			isa = PBXResourcesBuildPhase;
			buildActionMask = 2147483647;
			files = (
				86D310842922AD330063165C /* Preview Assets.xcassets in Resources */,
				86E5319C2922B419000803D0 /* presidents.plist in Resources */,
				86D310812922AD330063165C /* Assets.xcassets in Resources */,
			);
			runOnlyForDeploymentPostprocessing = 0;
		};
/* End PBXResourcesBuildPhase section */

/* Begin PBXSourcesBuildPhase section */
		86D310752922AD320063165C /* Sources */ = {
			isa = PBXSourcesBuildPhase;
			buildActionMask = 2147483647;
			files = (
				86E5318C2922B020000803D0 /* PresidentDetailView.swift in Sources */,
				86E5318E2922B020000803D0 /* PresidentCell.swift in Sources */,
				86E5318D2922B020000803D0 /* ContentView.swift in Sources */,
				86E531972922B105000803D0 /* PresidentsListModelView.swift in Sources */,
				86D3107D2922AD320063165C /* PresidentsListV2App.swift in Sources */,
				86E531962922B105000803D0 /* PresidentsViewModel.swift in Sources */,
				86E5319A2922B11B000803D0 /* USPresident.swift in Sources */,
			);
			runOnlyForDeploymentPostprocessing = 0;
		};
/* End PBXSourcesBuildPhase section */

/* Begin XCBuildConfiguration section */
		86D3108A2922AD330063165C /* Debug */ = {
			isa = XCBuildConfiguration;
			buildSettings = {
				ALWAYS_SEARCH_USER_PATHS = NO;
				CLANG_ANALYZER_NONNULL = YES;
				CLANG_ANALYZER_NUMBER_OBJECT_CONVERSION = YES_AGGRESSIVE;
				CLANG_CXX_LANGUAGE_STANDARD = "gnu++20";
				CLANG_ENABLE_MODULES = YES;
				CLANG_ENABLE_OBJC_ARC = YES;
				CLANG_ENABLE_OBJC_WEAK = YES;
				CLANG_WARN_BLOCK_CAPTURE_AUTORELEASING = YES;
				CLANG_WARN_BOOL_CONVERSION = YES;
				CLANG_WARN_COMMA = YES;
				CLANG_WARN_CONSTANT_CONVERSION = YES;
				CLANG_WARN_DEPRECATED_OBJC_IMPLEMENTATIONS = YES;
				CLANG_WARN_DIRECT_OBJC_ISA_USAGE = YES_ERROR;
				CLANG_WARN_DOCUMENTATION_COMMENTS = YES;
				CLANG_WARN_EMPTY_BODY = YES;
				CLANG_WARN_ENUM_CONVERSION = YES;
				CLANG_WARN_INFINITE_RECURSION = YES;
				CLANG_WARN_INT_CONVERSION = YES;
				CLANG_WARN_NON_LITERAL_NULL_CONVERSION = YES;
				CLANG_WARN_OBJC_IMPLICIT_RETAIN_SELF = YES;
				CLANG_WARN_OBJC_LITERAL_CONVERSION = YES;
				CLANG_WARN_OBJC_ROOT_CLASS = YES_ERROR;
				CLANG_WARN_QUOTED_INCLUDE_IN_FRAMEWORK_HEADER = YES;
				CLANG_WARN_RANGE_LOOP_ANALYSIS = YES;
				CLANG_WARN_STRICT_PROTOTYPES = YES;
				CLANG_WARN_SUSPICIOUS_MOVE = YES;
				CLANG_WARN_UNGUARDED_AVAILABILITY = YES_AGGRESSIVE;
				CLANG_WARN_UNREACHABLE_CODE = YES;
				CLANG_WARN__DUPLICATE_METHOD_MATCH = YES;
				COPY_PHASE_STRIP = NO;
				DEBUG_INFORMATION_FORMAT = dwarf;
				ENABLE_STRICT_OBJC_MSGSEND = YES;
				ENABLE_TESTABILITY = YES;
				GCC_C_LANGUAGE_STANDARD = gnu11;
				GCC_DYNAMIC_NO_PIC = NO;
				GCC_NO_COMMON_BLOCKS = YES;
				GCC_OPTIMIZATION_LEVEL = 0;
				GCC_PREPROCESSOR_DEFINITIONS = (
					"DEBUG=1",
					"$(inherited)",
				);
				GCC_WARN_64_TO_32_BIT_CONVERSION = YES;
				GCC_WARN_ABOUT_RETURN_TYPE = YES_ERROR;
				GCC_WARN_UNDECLARED_SELECTOR = YES;
				GCC_WARN_UNINITIALIZED_AUTOS = YES_AGGRESSIVE;
				GCC_WARN_UNUSED_FUNCTION = YES;
				GCC_WARN_UNUSED_VARIABLE = YES;
				IPHONEOS_DEPLOYMENT_TARGET = 16.0;
				MTL_ENABLE_DEBUG_INFO = INCLUDE_SOURCE;
				MTL_FAST_MATH = YES;
				ONLY_ACTIVE_ARCH = YES;
				SDKROOT = iphoneos;
				SWIFT_ACTIVE_COMPILATION_CONDITIONS = DEBUG;
				SWIFT_OPTIMIZATION_LEVEL = "-Onone";
			};
			name = Debug;
		};
		86D3108B2922AD330063165C /* Release */ = {
			isa = XCBuildConfiguration;
			buildSettings = {
				ALWAYS_SEARCH_USER_PATHS = NO;
				CLANG_ANALYZER_NONNULL = YES;
				CLANG_ANALYZER_NUMBER_OBJECT_CONVERSION = YES_AGGRESSIVE;
				CLANG_CXX_LANGUAGE_STANDARD = "gnu++20";
				CLANG_ENABLE_MODULES = YES;
				CLANG_ENABLE_OBJC_ARC = YES;
				CLANG_ENABLE_OBJC_WEAK = YES;
				CLANG_WARN_BLOCK_CAPTURE_AUTORELEASING = YES;
				CLANG_WARN_BOOL_CONVERSION = YES;
				CLANG_WARN_COMMA = YES;
				CLANG_WARN_CONSTANT_CONVERSION = YES;
				CLANG_WARN_DEPRECATED_OBJC_IMPLEMENTATIONS = YES;
				CLANG_WARN_DIRECT_OBJC_ISA_USAGE = YES_ERROR;
				CLANG_WARN_DOCUMENTATION_COMMENTS = YES;
				CLANG_WARN_EMPTY_BODY = YES;
				CLANG_WARN_ENUM_CONVERSION = YES;
				CLANG_WARN_INFINITE_RECURSION = YES;
				CLANG_WARN_INT_CONVERSION = YES;
				CLANG_WARN_NON_LITERAL_NULL_CONVERSION = YES;
				CLANG_WARN_OBJC_IMPLICIT_RETAIN_SELF = YES;
				CLANG_WARN_OBJC_LITERAL_CONVERSION = YES;
				CLANG_WARN_OBJC_ROOT_CLASS = YES_ERROR;
				CLANG_WARN_QUOTED_INCLUDE_IN_FRAMEWORK_HEADER = YES;
				CLANG_WARN_RANGE_LOOP_ANALYSIS = YES;
				CLANG_WARN_STRICT_PROTOTYPES = YES;
				CLANG_WARN_SUSPICIOUS_MOVE = YES;
				CLANG_WARN_UNGUARDED_AVAILABILITY = YES_AGGRESSIVE;
				CLANG_WARN_UNREACHABLE_CODE = YES;
				CLANG_WARN__DUPLICATE_METHOD_MATCH = YES;
				COPY_PHASE_STRIP = NO;
				DEBUG_INFORMATION_FORMAT = "dwarf-with-dsym";
				ENABLE_NS_ASSERTIONS = NO;
				ENABLE_STRICT_OBJC_MSGSEND = YES;
				GCC_C_LANGUAGE_STANDARD = gnu11;
				GCC_NO_COMMON_BLOCKS = YES;
				GCC_WARN_64_TO_32_BIT_CONVERSION = YES;
				GCC_WARN_ABOUT_RETURN_TYPE = YES_ERROR;
				GCC_WARN_UNDECLARED_SELECTOR = YES;
				GCC_WARN_UNINITIALIZED_AUTOS = YES_AGGRESSIVE;
				GCC_WARN_UNUSED_FUNCTION = YES;
				GCC_WARN_UNUSED_VARIABLE = YES;
				IPHONEOS_DEPLOYMENT_TARGET = 16.0;
				MTL_ENABLE_DEBUG_INFO = NO;
				MTL_FAST_MATH = YES;
				SDKROOT = iphoneos;
				SWIFT_COMPILATION_MODE = wholemodule;
				SWIFT_OPTIMIZATION_LEVEL = "-O";
				VALIDATE_PRODUCT = YES;
			};
			name = Release;
		};
		86D3108D2922AD330063165C /* Debug */ = {
			isa = XCBuildConfiguration;
			buildSettings = {
				ASSETCATALOG_COMPILER_APPICON_NAME = AppIcon;
				ASSETCATALOG_COMPILER_GLOBAL_ACCENT_COLOR_NAME = AccentColor;
				CODE_SIGN_STYLE = Automatic;
				CURRENT_PROJECT_VERSION = 1;
				DEVELOPMENT_ASSET_PATHS = "\"PresidentsListV2/Preview Content\"";
				ENABLE_PREVIEWS = YES;
				GENERATE_INFOPLIST_FILE = YES;
				INFOPLIST_KEY_UIApplicationSceneManifest_Generation = YES;
				INFOPLIST_KEY_UIApplicationSupportsIndirectInputEvents = YES;
				INFOPLIST_KEY_UILaunchScreen_Generation = YES;
				INFOPLIST_KEY_UISupportedInterfaceOrientations_iPad = "UIInterfaceOrientationPortrait UIInterfaceOrientationPortraitUpsideDown UIInterfaceOrientationLandscapeLeft UIInterfaceOrientationLandscapeRight";
				INFOPLIST_KEY_UISupportedInterfaceOrientations_iPhone = "UIInterfaceOrientationPortrait UIInterfaceOrientationLandscapeLeft UIInterfaceOrientationLandscapeRight";
				LD_RUNPATH_SEARCH_PATHS = (
					"$(inherited)",
					"@executable_path/Frameworks",
				);
				MARKETING_VERSION = 1.0;
				PRODUCT_BUNDLE_IDENTIFIER = z1885782.niu.edu.PresidentsListV2;
				PRODUCT_NAME = "$(TARGET_NAME)";
				SWIFT_EMIT_LOC_STRINGS = YES;
				SWIFT_VERSION = 5.0;
				TARGETED_DEVICE_FAMILY = "1,2";
			};
			name = Debug;
		};
		86D3108E2922AD330063165C /* Release */ = {
			isa = XCBuildConfiguration;
			buildSettings = {
				ASSETCATALOG_COMPILER_APPICON_NAME = AppIcon;
				ASSETCATALOG_COMPILER_GLOBAL_ACCENT_COLOR_NAME = AccentColor;
				CODE_SIGN_STYLE = Automatic;
				CURRENT_PROJECT_VERSION = 1;
				DEVELOPMENT_ASSET_PATHS = "\"PresidentsListV2/Preview Content\"";
				ENABLE_PREVIEWS = YES;
				GENERATE_INFOPLIST_FILE = YES;
				INFOPLIST_KEY_UIApplicationSceneManifest_Generation = YES;
				INFOPLIST_KEY_UIApplicationSupportsIndirectInputEvents = YES;
				INFOPLIST_KEY_UILaunchScreen_Generation = YES;
				INFOPLIST_KEY_UISupportedInterfaceOrientations_iPad = "UIInterfaceOrientationPortrait UIInterfaceOrientationPortraitUpsideDown UIInterfaceOrientationLandscapeLeft UIInterfaceOrientationLandscapeRight";
				INFOPLIST_KEY_UISupportedInterfaceOrientations_iPhone = "UIInterfaceOrientationPortrait UIInterfaceOrientationLandscapeLeft UIInterfaceOrientationLandscapeRight";
				LD_RUNPATH_SEARCH_PATHS = (
					"$(inherited)",
					"@executable_path/Frameworks",
				);
				MARKETING_VERSION = 1.0;
				PRODUCT_BUNDLE_IDENTIFIER = z1885782.niu.edu.PresidentsListV2;
				PRODUCT_NAME = "$(TARGET_NAME)";
				SWIFT_EMIT_LOC_STRINGS = YES;
				SWIFT_VERSION = 5.0;
				TARGETED_DEVICE_FAMILY = "1,2";
			};
			name = Release;
		};
/* End XCBuildConfiguration section */

/* Begin XCConfigurationList section */
		86D310742922AD320063165C /* Build configuration list for PBXProject "PresidentsListV2" */ = {
			isa = XCConfigurationList;
			buildConfigurations = (
				86D3108A2922AD330063165C /* Debug */,
				86D3108B2922AD330063165C /* Release */,
			);
			defaultConfigurationIsVisible = 0;
			defaultConfigurationName = Release;
		};
		86D3108C2922AD330063165C /* Build configuration list for PBXNativeTarget "PresidentsListV2" */ = {
			isa = XCConfigurationList;
			buildConfigurations = (
				86D3108D2922AD330063165C /* Debug */,
				86D3108E2922AD330063165C /* Release */,
			);
			defaultConfigurationIsVisible = 0;
			defaultConfigurationName = Release;
		};
/* End XCConfigurationList section */
	};
	rootObject = 86D310712922AD320063165C /* Project object */;
}
